{
  "name": "software-company-pglite-server",
  "version": "0.1.0",
  "lockfileVersion": 3,
  "requires": true,
  "packages": {
    "": {
      "name": "software-company-pglite-server",
      "version": "0.1.0",
      "dependencies": {
        "@electric-sql/pglite": "^0.4.6",
        "@electric-sql/pglite-socket": "^0.1.6"
      }
    },
    "node_modules/@electric-sql/pglite": {
      "version": "0.4.6",
      "resolved": "https://registry.npmjs.org/@electric-sql/pglite/-/pglite-0.4.6.tgz",
      "integrity": "sha512-qmlmfN8UyKCee35qkV0r/MBp+Znl8FjBz7OpoglNvww3GJpw0/DLP0o1ZymvLNmcD5DTLOQdzKPtF8Hd3mdl1w==",
      "license": "Apache-2.0"
    },
    "node_modules/@electric-sql/pglite-socket": {
      "version": "0.1.6",
      "resolved": "https://registry.npmjs.org/@electric-sql/pglite-socket/-/pglite-socket-0.1.6.tgz",
      "integrity": "sha512-QAPUOwUdFnv3grJoLQbtkN8MywMK92kPfCeQ9QIJlB9DfPlExvU19cI2djxyffRF2WJL89eiZ1GAyfBDVH2xGQ==",
      "license": "Apache-2.0",
      "bin": {
        "pglite-server": "dist/scripts/server.js"
      },
      "peerDependencies": {
        "@electric-sql/pglite": "0.4.6"
      }
    }
  }
}
